
Microsoft Visual Studio Solution File, Format Version 12.00
# Visual Studio Version 17
VisualStudioVersion = 17.6.33829.357
MinimumVisualStudioVersion = 10.0.40219.1
Project("{FAE04EC0-301F-11D3-BF4B-00C04F79EFBC}") = "MVCCore_Concepts", "MVCCore_Concepts.csproj", "{CC72970C-5020-449F-BC9B-8C0B3E0F9774}"
EndProject
Global
	GlobalSection(SolutionConfigurationPlatforms) = preSolution
		Debug|Any CPU = Debug|Any CPU
		Release|Any CPU = Release|Any CPU
	EndGlobalSection
	GlobalSection(ProjectConfigurationPlatforms) = postSolution
		{CC72970C-5020-449F-BC9B-8C0B3E0F9774}.Debug|Any CPU.ActiveCfg = Debug|Any CPU
		{CC72970C-5020-449F-BC9B-8C0B3E0F9774}.Debug|Any CPU.Build.0 = Debug|Any CPU
		{CC72970C-5020-449F-BC9B-8C0B3E0F9774}.Release|Any CPU.ActiveCfg = Release|Any CPU
		{CC72970C-5020-449F-BC9B-8C0B3E0F9774}.Release|Any CPU.Build.0 = Release|Any CPU
	EndGlobalSection
	GlobalSection(SolutionProperties) = preSolution
		HideSolutionNode = FALSE
	EndGlobalSection
	GlobalSection(ExtensibilityGlobals) = postSolution
		SolutionGuid = {B1101388-A4E8-4F3B-82D6-A8A95ECC8C55}
	EndGlobalSection
EndGlobal
